<?xml version="1.0" encoding="utf-8"?>
<Project ToolsVersion="4.0" xmlns="http://schemas.microsoft.com/developer/msbuild/2003">
  <ItemGroup>
    <Filter Include="Source Files">
      <UniqueIdentifier>{ef194663-e2c6-4499-adbd-543cb4251239}</UniqueIdentifier>
      <Extensions>cpp;c;cxx;rc;def;r;odl;idl;hpj;bat</Extensions>
    </Filter>
    <Filter Include="Header Files">
      <UniqueIdentifier>{9e39137c-750e-40c7-a8c7-926b0463b5af}</UniqueIdentifier>
      <Extensions>h;hpp;hxx;hm;inl</Extensions>
    </Filter>
    <Filter Include="Maths">
      <UniqueIdentifier>{0622625a-8e1e-48d4-b98c-11db3f91f2de}</UniqueIdentifier>
    </Filter>
    <Filter Include="Maths\Maths Source">
      <UniqueIdentifier>{fc75bd14-0e8c-4097-b4f8-81703cfb222a}</UniqueIdentifier>
    </Filter>
    <Filter Include="Maths\Maths Headers">
      <UniqueIdentifier>{4a1d5e34-25c5-4611-ba38-002537875a32}</UniqueIdentifier>
    </Filter>
    <Filter Include="GLee">
      <UniqueIdentifier>{18a9e3a0-f34f-4774-a0bc-e8918adbb4bc}</UniqueIdentifier>
    </Filter>
  </ItemGroup>
  <ItemGroup>
    <ClCompile Include="FPS_COUNTER.cpp">
      <Filter>Source Files</Filter>
    </ClCompile>
    <ClCompile Include="main.cpp">
      <Filter>Source Files</Filter>
    </ClCompile>
    <ClCompile Include="scene.cpp">
      <Filter>Source Files</Filter>
    </ClCompile>
    <ClCompile Include="TIMER.cpp">
      <Filter>Source Files</Filter>
    </ClCompile>
    <ClCompile Include="Maths\COLOR.cpp">
      <Filter>Maths\Maths Source</Filter>
    </ClCompile>
    <ClCompile Include="Maths\MATRIX4X4.cpp">
      <Filter>Maths\Maths Source</Filter>
    </ClCompile>
    <ClCompile Include="Maths\PLANE.cpp">
      <Filter>Maths\Maths Source</Filter>
    </ClCompile>
    <ClCompile Include="Maths\VECTOR2D.cpp">
      <Filter>Maths\Maths Source</Filter>
    </ClCompile>
    <ClCompile Include="Maths\VECTOR3D.cpp">
      <Filter>Maths\Maths Source</Filter>
    </ClCompile>
    <ClCompile Include="Maths\VECTOR4D.cpp">
      <Filter>Maths\Maths Source</Filter>
    </ClCompile>
    <ClCompile Include="GLee\GLee.c">
      <Filter>GLee</Filter>
    </ClCompile>
    <ClCompile Include="ParserObj.cpp">
      <Filter>Source Files</Filter>
    </ClCompile>
    <ClCompile Include="Light.cpp">
      <Filter>Source Files</Filter>
    </ClCompile>
    <ClCompile Include="Matrix4.cpp">
      <Filter>Source Files</Filter>
    </ClCompile>
  </ItemGroup>
  <ItemGroup>
    <ClInclude Include="FPS_COUNTER.h">
      <Filter>Header Files</Filter>
    </ClInclude>
    <ClInclude Include="main.h">
      <Filter>Header Files</Filter>
    </ClInclude>
    <ClInclude Include="scene.h">
      <Filter>Header Files</Filter>
    </ClInclude>
    <ClInclude Include="TIMER.h">
      <Filter>Header Files</Filter>
    </ClInclude>
    <ClInclude Include="Maths\Maths.h">
      <Filter>Maths</Filter>
    </ClInclude>
    <ClInclude Include="Maths\COLOR.h">
      <Filter>Maths\Maths Headers</Filter>
    </ClInclude>
    <ClInclude Include="Maths\MATRIX4X4.h">
      <Filter>Maths\Maths Headers</Filter>
    </ClInclude>
    <ClInclude Include="Maths\PLANE.h">
      <Filter>Maths\Maths Headers</Filter>
    </ClInclude>
    <ClInclude Include="Maths\VECTOR2D.h">
      <Filter>Maths\Maths Headers</Filter>
    </ClInclude>
    <ClInclude Include="Maths\VECTOR3D.h">
      <Filter>Maths\Maths Headers</Filter>
    </ClInclude>
    <ClInclude Include="Maths\VECTOR4D.h">
      <Filter>Maths\Maths Headers</Filter>
    </ClInclude>
    <ClInclude Include="GLee\GLee.h">
      <Filter>GLee</Filter>
    </ClInclude>
    <ClInclude Include="ParserObj.h">
      <Filter>Header Files</Filter>
    </ClInclude>
    <ClInclude Include="Light.h">
      <Filter>Header Files</Filter>
    </ClInclude>
    <ClInclude Include="Matrix4.h">
      <Filter>Header Files</Filter>
    </ClInclude>
    <ClInclude Include="Vector3.h">
      <Filter>Header Files</Filter>
    </ClInclude>
    <ClInclude Include="Vector4.h">
      <Filter>Header Files</Filter>
    </ClInclude>
  </ItemGroup>
</Project>